
Microsoft Visual Studio Solution File, Format Version 12.00
# Visual Studio Version 17
VisualStudioVersion = 17.4.33213.308
MinimumVisualStudioVersion = 10.0.40219.1
Project("{9A19103F-16F7-4668-BE54-9A1E7A4F7556}") = "TrackMePublicFunctions", "TrackMePublicFunctions\TrackMePublicFunctions.csproj", "{0FD9D320-5163-4AF3-B6AD-36CE4435D7CB}"
EndProject
Project("{9A19103F-16F7-4668-BE54-9A1E7A4F7556}") = "TrackMeSecureFunctions", "TrackMeSecureFunctions\TrackMeSecureFunctions.csproj", "{AA42BC37-77CD-4C14-9885-B26F0C0759C7}"
EndProject
Global
	GlobalSection(SolutionConfigurationPlatforms) = preSolution
		Debug|Any CPU = Debug|Any CPU
		Release|Any CPU = Release|Any CPU
	EndGlobalSection
	GlobalSection(ProjectConfigurationPlatforms) = postSolution
		{0FD9D320-5163-4AF3-B6AD-36CE4435D7CB}.Debug|Any CPU.ActiveCfg = Debug|Any CPU
		{0FD9D320-5163-4AF3-B6AD-36CE4435D7CB}.Debug|Any CPU.Build.0 = Debug|Any CPU
		{0FD9D320-5163-4AF3-B6AD-36CE4435D7CB}.Release|Any CPU.ActiveCfg = Release|Any CPU
		{0FD9D320-5163-4AF3-B6AD-36CE4435D7CB}.Release|Any CPU.Build.0 = Release|Any CPU
		{AA42BC37-77CD-4C14-9885-B26F0C0759C7}.Debug|Any CPU.ActiveCfg = Debug|Any CPU
		{AA42BC37-77CD-4C14-9885-B26F0C0759C7}.Debug|Any CPU.Build.0 = Debug|Any CPU
		{AA42BC37-77CD-4C14-9885-B26F0C0759C7}.Release|Any CPU.ActiveCfg = Release|Any CPU
		{AA42BC37-77CD-4C14-9885-B26F0C0759C7}.Release|Any CPU.Build.0 = Release|Any CPU
	EndGlobalSection
	GlobalSection(SolutionProperties) = preSolution
		HideSolutionNode = FALSE
	EndGlobalSection
	GlobalSection(ExtensibilityGlobals) = postSolution
		SolutionGuid = {A13423A6-95F7-4550-A80B-8A3ED93B3FB5}
	EndGlobalSection
EndGlobal
